
Microsoft Visual Studio Solution File, Format Version 12.00
# Visual Studio Version 17
VisualStudioVersion = 17.14.36109.1
MinimumVisualStudioVersion = 10.0.40219.1
Project("{FAE04EC0-301F-11D3-BF4B-00C04F79EFBC}") = "Strings", "Strings\Strings.csproj", "{42DF9645-C493-4DE5-BAB7-29BC8E0B6A86}"
EndProject
Project("{FAE04EC0-301F-11D3-BF4B-00C04F79EFBC}") = "Dates", "Dates\Dates.csproj", "{FD2DBE2F-BDFE-4233-936F-476D0033662B}"
EndProject
Global
	GlobalSection(SolutionConfigurationPlatforms) = preSolution
		Debug|Any CPU = Debug|Any CPU
		Debug|x64 = Debug|x64
		Debug|x86 = Debug|x86
		Release|Any CPU = Release|Any CPU
		Release|x64 = Release|x64
		Release|x86 = Release|x86
	EndGlobalSection
	GlobalSection(ProjectConfigurationPlatforms) = postSolution
		{42DF9645-C493-4DE5-BAB7-29BC8E0B6A86}.Debug|Any CPU.ActiveCfg = Debug|Any CPU
		{42DF9645-C493-4DE5-BAB7-29BC8E0B6A86}.Debug|Any CPU.Build.0 = Debug|Any CPU
		{42DF9645-C493-4DE5-BAB7-29BC8E0B6A86}.Debug|x64.ActiveCfg = Debug|Any CPU
		{42DF9645-C493-4DE5-BAB7-29BC8E0B6A86}.Debug|x64.Build.0 = Debug|Any CPU
		{42DF9645-C493-4DE5-BAB7-29BC8E0B6A86}.Debug|x86.ActiveCfg = Debug|Any CPU
		{42DF9645-C493-4DE5-BAB7-29BC8E0B6A86}.Debug|x86.Build.0 = Debug|Any CPU
		{42DF9645-C493-4DE5-BAB7-29BC8E0B6A86}.Release|Any CPU.ActiveCfg = Release|Any CPU
		{42DF9645-C493-4DE5-BAB7-29BC8E0B6A86}.Release|Any CPU.Build.0 = Release|Any CPU
		{42DF9645-C493-4DE5-BAB7-29BC8E0B6A86}.Release|x64.ActiveCfg = Release|Any CPU
		{42DF9645-C493-4DE5-BAB7-29BC8E0B6A86}.Release|x64.Build.0 = Release|Any CPU
		{42DF9645-C493-4DE5-BAB7-29BC8E0B6A86}.Release|x86.ActiveCfg = Release|Any CPU
		{42DF9645-C493-4DE5-BAB7-29BC8E0B6A86}.Release|x86.Build.0 = Release|Any CPU
		{FD2DBE2F-BDFE-4233-936F-476D0033662B}.Debug|Any CPU.ActiveCfg = Debug|Any CPU
		{FD2DBE2F-BDFE-4233-936F-476D0033662B}.Debug|Any CPU.Build.0 = Debug|Any CPU
		{FD2DBE2F-BDFE-4233-936F-476D0033662B}.Debug|x64.ActiveCfg = Debug|Any CPU
		{FD2DBE2F-BDFE-4233-936F-476D0033662B}.Debug|x64.Build.0 = Debug|Any CPU
		{FD2DBE2F-BDFE-4233-936F-476D0033662B}.Debug|x86.ActiveCfg = Debug|Any CPU
		{FD2DBE2F-BDFE-4233-936F-476D0033662B}.Debug|x86.Build.0 = Debug|Any CPU
		{FD2DBE2F-BDFE-4233-936F-476D0033662B}.Release|Any CPU.ActiveCfg = Release|Any CPU
		{FD2DBE2F-BDFE-4233-936F-476D0033662B}.Release|Any CPU.Build.0 = Release|Any CPU
		{FD2DBE2F-BDFE-4233-936F-476D0033662B}.Release|x64.ActiveCfg = Release|Any CPU
		{FD2DBE2F-BDFE-4233-936F-476D0033662B}.Release|x64.Build.0 = Release|Any CPU
		{FD2DBE2F-BDFE-4233-936F-476D0033662B}.Release|x86.ActiveCfg = Release|Any CPU
		{FD2DBE2F-BDFE-4233-936F-476D0033662B}.Release|x86.Build.0 = Release|Any CPU
	EndGlobalSection
	GlobalSection(SolutionProperties) = preSolution
		HideSolutionNode = FALSE
	EndGlobalSection
	GlobalSection(ExtensibilityGlobals) = postSolution
		SolutionGuid = {02BD270D-EA11-4DC2-8B89-561E633C7F4F}
	EndGlobalSection
EndGlobal
